// !$*UTF8*$!
{
	archiveVersion = 1;
	classes = {
	};
	objectVersion = 56;
	objects = {

/* Begin PBXBuildFile section */
		AC0C686A2D8AEEFC00702527 /* TaskModel.xcdatamodeld in Sources */ = {isa = PBXBuildFile; fileRef = AC0C68682D8AEEFC00702527 /* TaskModel.xcdatamodeld */; };
		AC0C686C2D8AF0E900702527 /* CoreDataManager.swift in Sources */ = {isa = PBXBuildFile; fileRef = AC0C686B2D8AF0E900702527 /* CoreDataManager.swift */; };
		AC0C686E2D8AF10000702527 /* TaskListViewController.swift in Sources */ = {isa = PBXBuildFile; fileRef = AC0C686D2D8AF10000702527 /* TaskListViewController.swift */; };
		AC0C68702D8AF11300702527 /* TaskDetailViewController.swift in Sources */ = {isa = PBXBuildFile; fileRef = AC0C686F2D8AF11300702527 /* TaskDetailViewController.swift */; };
		AC0C68722D8AF12F00702527 /* TaskCell.swift in Sources */ = {isa = PBXBuildFile; fileRef = AC0C68712D8AF12F00702527 /* TaskCell.swift */; };
		AC564DD62D81C93300E95EE5 /* AppDelegate.swift in Sources */ = {isa = PBXBuildFile; fileRef = AC564DD52D81C93300E95EE5 /* AppDelegate.swift */; };
		AC564DD82D81C93300E95EE5 /* SceneDelegate.swift in Sources */ = {isa = PBXBuildFile; fileRef = AC564DD72D81C93300E95EE5 /* SceneDelegate.swift */; };
		AC564DDA2D81C93300E95EE5 /* ViewController.swift in Sources */ = {isa = PBXBuildFile; fileRef = AC564DD92D81C93300E95EE5 /* ViewController.swift */; };
		AC564DDD2D81C93300E95EE5 /* Base in Resources */ = {isa = PBXBuildFile; fileRef = AC564DDC2D81C93300E95EE5 /* Base */; };
		AC564DE02D81C93300E95EE5 /* toDoList.xcdatamodeld in Sources */ = {isa = PBXBuildFile; fileRef = AC564DDE2D81C93300E95EE5 /* toDoList.xcdatamodeld */; };
		AC564DE22D81C93400E95EE5 /* Assets.xcassets in Resources */ = {isa = PBXBuildFile; fileRef = AC564DE12D81C93400E95EE5 /* Assets.xcassets */; };
		AC564DE52D81C93400E95EE5 /* Base in Resources */ = {isa = PBXBuildFile; fileRef = AC564DE42D81C93400E95EE5 /* Base */; };
/* End PBXBuildFile section */

/* Begin PBXFileReference section */
		AC0C68692D8AEEFC00702527 /* TaskModel.xcdatamodel */ = {isa = PBXFileReference; lastKnownFileType = wrapper.xcdatamodel; path = TaskModel.xcdatamodel; sourceTree = "<group>"; };
		AC0C686B2D8AF0E900702527 /* CoreDataManager.swift */ = {isa = PBXFileReference; lastKnownFileType = sourcecode.swift; path = CoreDataManager.swift; sourceTree = "<group>"; };
		AC0C686D2D8AF10000702527 /* TaskListViewController.swift */ = {isa = PBXFileReference; lastKnownFileType = sourcecode.swift; path = TaskListViewController.swift; sourceTree = "<group>"; };
		AC0C686F2D8AF11300702527 /* TaskDetailViewController.swift */ = {isa = PBXFileReference; lastKnownFileType = sourcecode.swift; path = TaskDetailViewController.swift; sourceTree = "<group>"; };
		AC0C68712D8AF12F00702527 /* TaskCell.swift */ = {isa = PBXFileReference; lastKnownFileType = sourcecode.swift; path = TaskCell.swift; sourceTree = "<group>"; };
		AC564DD22D81C93300E95EE5 /* toDoList.app */ = {isa = PBXFileReference; explicitFileType = wrapper.application; includeInIndex = 0; path = toDoList.app; sourceTree = BUILT_PRODUCTS_DIR; };
		AC564DD52D81C93300E95EE5 /* AppDelegate.swift */ = {isa = PBXFileReference; lastKnownFileType = sourcecode.swift; path = AppDelegate.swift; sourceTree = "<group>"; };
		AC564DD72D81C93300E95EE5 /* SceneDelegate.swift */ = {isa = PBXFileReference; lastKnownFileType = sourcecode.swift; path = SceneDelegate.swift; sourceTree = "<group>"; };
		AC564DD92D81C93300E95EE5 /* ViewController.swift */ = {isa = PBXFileReference; lastKnownFileType = sourcecode.swift; path = ViewController.swift; sourceTree = "<group>"; };
		AC564DDC2D81C93300E95EE5 /* Base */ = {isa = PBXFileReference; lastKnownFileType = file.storyboard; name = Base; path = Base.lproj/Main.storyboard; sourceTree = "<group>"; };
		AC564DDF2D81C93300E95EE5 /* toDoList.xcdatamodel */ = {isa = PBXFileReference; lastKnownFileType = wrapper.xcdatamodel; path = toDoList.xcdatamodel; sourceTree = "<group>"; };
		AC564DE12D81C93400E95EE5 /* Assets.xcassets */ = {isa = PBXFileReference; lastKnownFileType = folder.assetcatalog; path = Assets.xcassets; sourceTree = "<group>"; };
		AC564DE42D81C93400E95EE5 /* Base */ = {isa = PBXFileReference; lastKnownFileType = file.storyboard; name = Base; path = Base.lproj/LaunchScreen.storyboard; sourceTree = "<group>"; };
		AC564DE62D81C93400E95EE5 /* Info.plist */ = {isa = PBXFileReference; lastKnownFileType = text.plist.xml; path = Info.plist; sourceTree = "<group>"; };
/* End PBXFileReference section */

/* Begin PBXFrameworksBuildPhase section */
		AC564DCF2D81C93300E95EE5 /* Frameworks */ = {
			isa = PBXFrameworksBuildPhase;
			buildActionMask = 2147483647;
			files = (
			);
			runOnlyForDeploymentPostprocessing = 0;
		};
/* End PBXFrameworksBuildPhase section */

/* Begin PBXGroup section */
		AC564DC92D81C93300E95EE5 = {
			isa = PBXGroup;
			children = (
				AC564DD42D81C93300E95EE5 /* toDoList */,
				AC564DD32D81C93300E95EE5 /* Products */,
			);
			sourceTree = "<group>";
		};
		AC564DD32D81C93300E95EE5 /* Products */ = {
			isa = PBXGroup;
			children = (
				AC564DD22D81C93300E95EE5 /* toDoList.app */,
			);
			name = Products;
			sourceTree = "<group>";
		};
		AC564DD42D81C93300E95EE5 /* toDoList */ = {
			isa = PBXGroup;
			children = (
				AC564DD52D81C93300E95EE5 /* AppDelegate.swift */,
				AC564DD72D81C93300E95EE5 /* SceneDelegate.swift */,
				AC564DD92D81C93300E95EE5 /* ViewController.swift */,
				AC0C68682D8AEEFC00702527 /* TaskModel.xcdatamodeld */,
				AC564DDB2D81C93300E95EE5 /* Main.storyboard */,
				AC564DE12D81C93400E95EE5 /* Assets.xcassets */,
				AC564DE32D81C93400E95EE5 /* LaunchScreen.storyboard */,
				AC564DE62D81C93400E95EE5 /* Info.plist */,
				AC564DDE2D81C93300E95EE5 /* toDoList.xcdatamodeld */,
				AC0C686B2D8AF0E900702527 /* CoreDataManager.swift */,
				AC0C686D2D8AF10000702527 /* TaskListViewController.swift */,
				AC0C686F2D8AF11300702527 /* TaskDetailViewController.swift */,
				AC0C68712D8AF12F00702527 /* TaskCell.swift */,
			);
			path = toDoList;
			sourceTree = "<group>";
		};
/* End PBXGroup section */

/* Begin PBXNativeTarget section */
		AC564DD12D81C93300E95EE5 /* toDoList */ = {
			isa = PBXNativeTarget;
			buildConfigurationList = AC564DE92D81C93400E95EE5 /* Build configuration list for PBXNativeTarget "toDoList" */;
			buildPhases = (
				AC564DCE2D81C93300E95EE5 /* Sources */,
				AC564DCF2D81C93300E95EE5 /* Frameworks */,
				AC564DD02D81C93300E95EE5 /* Resources */,
			);
			buildRules = (
			);
			dependencies = (
			);
			name = toDoList;
			productName = toDoList;
			productReference = AC564DD22D81C93300E95EE5 /* toDoList.app */;
			productType = "com.apple.product-type.application";
		};
/* End PBXNativeTarget section */

/* Begin PBXProject section */
		AC564DCA2D81C93300E95EE5 /* Project object */ = {
			isa = PBXProject;
			attributes = {
				BuildIndependentTargetsInParallel = 1;
				LastSwiftUpdateCheck = 1530;
				LastUpgradeCheck = 1530;
				TargetAttributes = {
					AC564DD12D81C93300E95EE5 = {
						CreatedOnToolsVersion = 15.3;
					};
				};
			};
			buildConfigurationList = AC564DCD2D81C93300E95EE5 /* Build configuration list for PBXProject "toDoList" */;
			compatibilityVersion = "Xcode 14.0";
			developmentRegion = en;
			hasScannedForEncodings = 0;
			knownRegions = (
				en,
				Base,
			);
			mainGroup = AC564DC92D81C93300E95EE5;
			productRefGroup = AC564DD32D81C93300E95EE5 /* Products */;
			projectDirPath = "";
			projectRoot = "";
			targets = (
				AC564DD12D81C93300E95EE5 /* toDoList */,
			);
		};
/* End PBXProject section */

/* Begin PBXResourcesBuildPhase section */
		AC564DD02D81C93300E95EE5 /* Resources */ = {
			isa = PBXResourcesBuildPhase;
			buildActionMask = 2147483647;
			files = (
				AC564DE22D81C93400E95EE5 /* Assets.xcassets in Resources */,
				AC564DE52D81C93400E95EE5 /* Base in Resources */,
				AC564DDD2D81C93300E95EE5 /* Base in Resources */,
			);
			runOnlyForDeploymentPostprocessing = 0;
		};
/* End PBXResourcesBuildPhase section */

/* Begin PBXSourcesBuildPhase section */
		AC564DCE2D81C93300E95EE5 /* Sources */ = {
			isa = PBXSourcesBuildPhase;
			buildActionMask = 2147483647;
			files = (
				AC0C686E2D8AF10000702527 /* TaskListViewController.swift in Sources */,
				AC0C686C2D8AF0E900702527 /* CoreDataManager.swift in Sources */,
				AC0C686A2D8AEEFC00702527 /* TaskModel.xcdatamodeld in Sources */,
				AC564DDA2D81C93300E95EE5 /* ViewController.swift in Sources */,
				AC564DD62D81C93300E95EE5 /* AppDelegate.swift in Sources */,
				AC564DD82D81C93300E95EE5 /* SceneDelegate.swift in Sources */,
				AC0C68702D8AF11300702527 /* TaskDetailViewController.swift in Sources */,
				AC0C68722D8AF12F00702527 /* TaskCell.swift in Sources */,
				AC564DE02D81C93300E95EE5 /* toDoList.xcdatamodeld in Sources */,
			);
			runOnlyForDeploymentPostprocessing = 0;
		};
/* End PBXSourcesBuildPhase section */

/* Begin PBXVariantGroup section */
		AC564DDB2D81C93300E95EE5 /* Main.storyboard */ = {
			isa = PBXVariantGroup;
			children = (
				AC564DDC2D81C93300E95EE5 /* Base */,
			);
			name = Main.storyboard;
			sourceTree = "<group>";
		};
		AC564DE32D81C93400E95EE5 /* LaunchScreen.storyboard */ = {
			isa = PBXVariantGroup;
			children = (
				AC564DE42D81C93400E95EE5 /* Base */,
			);
			name = LaunchScreen.storyboard;
			sourceTree = "<group>";
		};
/* End PBXVariantGroup section */

/* Begin XCBuildConfiguration section */
		AC564DE72D81C93400E95EE5 /* Debug */ = {
			isa = XCBuildConfiguration;
			buildSettings = {
				ALWAYS_SEARCH_USER_PATHS = NO;
				ASSETCATALOG_COMPILER_GENERATE_SWIFT_ASSET_SYMBOL_EXTENSIONS = YES;
				CLANG_ANALYZER_NONNULL = YES;
				CLANG_ANALYZER_NUMBER_OBJECT_CONVERSION = YES_AGGRESSIVE;
				CLANG_CXX_LANGUAGE_STANDARD = "gnu++20";
				CLANG_ENABLE_MODULES = YES;
				CLANG_ENABLE_OBJC_ARC = YES;
				CLANG_ENABLE_OBJC_WEAK = YES;
				CLANG_WARN_BLOCK_CAPTURE_AUTORELEASING = YES;
				CLANG_WARN_BOOL_CONVERSION = YES;
				CLANG_WARN_COMMA = YES;
				CLANG_WARN_CONSTANT_CONVERSION = YES;
				CLANG_WARN_DEPRECATED_OBJC_IMPLEMENTATIONS = YES;
				CLANG_WARN_DIRECT_OBJC_ISA_USAGE = YES_ERROR;
				CLANG_WARN_DOCUMENTATION_COMMENTS = YES;
				CLANG_WARN_EMPTY_BODY = YES;
				CLANG_WARN_ENUM_CONVERSION = YES;
				CLANG_WARN_INFINITE_RECURSION = YES;
				CLANG_WARN_INT_CONVERSION = YES;
				CLANG_WARN_NON_LITERAL_NULL_CONVERSION = YES;
				CLANG_WARN_OBJC_IMPLICIT_RETAIN_SELF = YES;
				CLANG_WARN_OBJC_LITERAL_CONVERSION = YES;
				CLANG_WARN_OBJC_ROOT_CLASS = YES_ERROR;
				CLANG_WARN_QUOTED_INCLUDE_IN_FRAMEWORK_HEADER = YES;
				CLANG_WARN_RANGE_LOOP_ANALYSIS = YES;
				CLANG_WARN_STRICT_PROTOTYPES = YES;
				CLANG_WARN_SUSPICIOUS_MOVE = YES;
				CLANG_WARN_UNGUARDED_AVAILABILITY = YES_AGGRESSIVE;
				CLANG_WARN_UNREACHABLE_CODE = YES;
				CLANG_WARN__DUPLICATE_METHOD_MATCH = YES;
				COPY_PHASE_STRIP = NO;
				DEBUG_INFORMATION_FORMAT = dwarf;
				ENABLE_STRICT_OBJC_MSGSEND = YES;
				ENABLE_TESTABILITY = YES;
				ENABLE_USER_SCRIPT_SANDBOXING = YES;
				GCC_C_LANGUAGE_STANDARD = gnu17;
				GCC_DYNAMIC_NO_PIC = NO;
				GCC_NO_COMMON_BLOCKS = YES;
				GCC_OPTIMIZATION_LEVEL = 0;
				GCC_PREPROCESSOR_DEFINITIONS = (
					"DEBUG=1",
					"$(inherited)",
				);
				GCC_WARN_64_TO_32_BIT_CONVERSION = YES;
				GCC_WARN_ABOUT_RETURN_TYPE = YES_ERROR;
				GCC_WARN_UNDECLARED_SELECTOR = YES;
				GCC_WARN_UNINITIALIZED_AUTOS = YES_AGGRESSIVE;
				GCC_WARN_UNUSED_FUNCTION = YES;
				GCC_WARN_UNUSED_VARIABLE = YES;
				IPHONEOS_DEPLOYMENT_TARGET = 17.4;
				LOCALIZATION_PREFERS_STRING_CATALOGS = YES;
				MTL_ENABLE_DEBUG_INFO = INCLUDE_SOURCE;
				MTL_FAST_MATH = YES;
				ONLY_ACTIVE_ARCH = YES;
				SDKROOT = iphoneos;
				SWIFT_ACTIVE_COMPILATION_CONDITIONS = "DEBUG $(inherited)";
				SWIFT_OPTIMIZATION_LEVEL = "-Onone";
			};
			name = Debug;
		};
		AC564DE82D81C93400E95EE5 /* Release */ = {
			isa = XCBuildConfiguration;
			buildSettings = {
				ALWAYS_SEARCH_USER_PATHS = NO;
				ASSETCATALOG_COMPILER_GENERATE_SWIFT_ASSET_SYMBOL_EXTENSIONS = YES;
				CLANG_ANALYZER_NONNULL = YES;
				CLANG_ANALYZER_NUMBER_OBJECT_CONVERSION = YES_AGGRESSIVE;
				CLANG_CXX_LANGUAGE_STANDARD = "gnu++20";
				CLANG_ENABLE_MODULES = YES;
				CLANG_ENABLE_OBJC_ARC = YES;
				CLANG_ENABLE_OBJC_WEAK = YES;
				CLANG_WARN_BLOCK_CAPTURE_AUTORELEASING = YES;
				CLANG_WARN_BOOL_CONVERSION = YES;
				CLANG_WARN_COMMA = YES;
				CLANG_WARN_CONSTANT_CONVERSION = YES;
				CLANG_WARN_DEPRECATED_OBJC_IMPLEMENTATIONS = YES;
				CLANG_WARN_DIRECT_OBJC_ISA_USAGE = YES_ERROR;
				CLANG_WARN_DOCUMENTATION_COMMENTS = YES;
				CLANG_WARN_EMPTY_BODY = YES;
				CLANG_WARN_ENUM_CONVERSION = YES;
				CLANG_WARN_INFINITE_RECURSION = YES;
				CLANG_WARN_INT_CONVERSION = YES;
				CLANG_WARN_NON_LITERAL_NULL_CONVERSION = YES;
				CLANG_WARN_OBJC_IMPLICIT_RETAIN_SELF = YES;
				CLANG_WARN_OBJC_LITERAL_CONVERSION = YES;
				CLANG_WARN_OBJC_ROOT_CLASS = YES_ERROR;
				CLANG_WARN_QUOTED_INCLUDE_IN_FRAMEWORK_HEADER = YES;
				CLANG_WARN_RANGE_LOOP_ANALYSIS = YES;
				CLANG_WARN_STRICT_PROTOTYPES = YES;
				CLANG_WARN_SUSPICIOUS_MOVE = YES;
				CLANG_WARN_UNGUARDED_AVAILABILITY = YES_AGGRESSIVE;
				CLANG_WARN_UNREACHABLE_CODE = YES;
				CLANG_WARN__DUPLICATE_METHOD_MATCH = YES;
				COPY_PHASE_STRIP = NO;
				DEBUG_INFORMATION_FORMAT = "dwarf-with-dsym";
				ENABLE_NS_ASSERTIONS = NO;
				ENABLE_STRICT_OBJC_MSGSEND = YES;
				ENABLE_USER_SCRIPT_SANDBOXING = YES;
				GCC_C_LANGUAGE_STANDARD = gnu17;
				GCC_NO_COMMON_BLOCKS = YES;
				GCC_WARN_64_TO_32_BIT_CONVERSION = YES;
				GCC_WARN_ABOUT_RETURN_TYPE = YES_ERROR;
				GCC_WARN_UNDECLARED_SELECTOR = YES;
				GCC_WARN_UNINITIALIZED_AUTOS = YES_AGGRESSIVE;
				GCC_WARN_UNUSED_FUNCTION = YES;
				GCC_WARN_UNUSED_VARIABLE = YES;
				IPHONEOS_DEPLOYMENT_TARGET = 17.4;
				LOCALIZATION_PREFERS_STRING_CATALOGS = YES;
				MTL_ENABLE_DEBUG_INFO = NO;
				MTL_FAST_MATH = YES;
				SDKROOT = iphoneos;
				SWIFT_COMPILATION_MODE = wholemodule;
				VALIDATE_PRODUCT = YES;
			};
			name = Release;
		};
		AC564DEA2D81C93400E95EE5 /* Debug */ = {
			isa = XCBuildConfiguration;
			buildSettings = {
				ASSETCATALOG_COMPILER_APPICON_NAME = AppIcon;
				ASSETCATALOG_COMPILER_GLOBAL_ACCENT_COLOR_NAME = AccentColor;
				CODE_SIGN_STYLE = Automatic;
				CURRENT_PROJECT_VERSION = 1;
				GENERATE_INFOPLIST_FILE = YES;
				INFOPLIST_FILE = toDoList/Info.plist;
				INFOPLIST_KEY_UIApplicationSupportsIndirectInputEvents = YES;
				INFOPLIST_KEY_UILaunchStoryboardName = LaunchScreen;
				INFOPLIST_KEY_UIMainStoryboardFile = Main;
				INFOPLIST_KEY_UISupportedInterfaceOrientations_iPad = "UIInterfaceOrientationPortrait UIInterfaceOrientationPortraitUpsideDown UIInterfaceOrientationLandscapeLeft UIInterfaceOrientationLandscapeRight";
				INFOPLIST_KEY_UISupportedInterfaceOrientations_iPhone = "UIInterfaceOrientationPortrait UIInterfaceOrientationLandscapeLeft UIInterfaceOrientationLandscapeRight";
				LD_RUNPATH_SEARCH_PATHS = (
					"$(inherited)",
					"@executable_path/Frameworks",
				);
				MARKETING_VERSION = 1.0;
				PRODUCT_BUNDLE_IDENTIFIER = com.rabiasoylemez.toDoList;
				PRODUCT_NAME = "$(TARGET_NAME)";
				SWIFT_EMIT_LOC_STRINGS = YES;
				SWIFT_VERSION = 5.0;
				TARGETED_DEVICE_FAMILY = "1,2";
			};
			name = Debug;
		};
		AC564DEB2D81C93400E95EE5 /* Release */ = {
			isa = XCBuildConfiguration;
			buildSettings = {
				ASSETCATALOG_COMPILER_APPICON_NAME = AppIcon;
				ASSETCATALOG_COMPILER_GLOBAL_ACCENT_COLOR_NAME = AccentColor;
				CODE_SIGN_STYLE = Automatic;
				CURRENT_PROJECT_VERSION = 1;
				GENERATE_INFOPLIST_FILE = YES;
				INFOPLIST_FILE = toDoList/Info.plist;
				INFOPLIST_KEY_UIApplicationSupportsIndirectInputEvents = YES;
				INFOPLIST_KEY_UILaunchStoryboardName = LaunchScreen;
				INFOPLIST_KEY_UIMainStoryboardFile = Main;
				INFOPLIST_KEY_UISupportedInterfaceOrientations_iPad = "UIInterfaceOrientationPortrait UIInterfaceOrientationPortraitUpsideDown UIInterfaceOrientationLandscapeLeft UIInterfaceOrientationLandscapeRight";
				INFOPLIST_KEY_UISupportedInterfaceOrientations_iPhone = "UIInterfaceOrientationPortrait UIInterfaceOrientationLandscapeLeft UIInterfaceOrientationLandscapeRight";
				LD_RUNPATH_SEARCH_PATHS = (
					"$(inherited)",
					"@executable_path/Frameworks",
				);
				MARKETING_VERSION = 1.0;
				PRODUCT_BUNDLE_IDENTIFIER = com.rabiasoylemez.toDoList;
				PRODUCT_NAME = "$(TARGET_NAME)";
				SWIFT_EMIT_LOC_STRINGS = YES;
				SWIFT_VERSION = 5.0;
				TARGETED_DEVICE_FAMILY = "1,2";
			};
			name = Release;
		};
/* End XCBuildConfiguration section */

/* Begin XCConfigurationList section */
		AC564DCD2D81C93300E95EE5 /* Build configuration list for PBXProject "toDoList" */ = {
			isa = XCConfigurationList;
			buildConfigurations = (
				AC564DE72D81C93400E95EE5 /* Debug */,
				AC564DE82D81C93400E95EE5 /* Release */,
			);
			defaultConfigurationIsVisible = 0;
			defaultConfigurationName = Release;
		};
		AC564DE92D81C93400E95EE5 /* Build configuration list for PBXNativeTarget "toDoList" */ = {
			isa = XCConfigurationList;
			buildConfigurations = (
				AC564DEA2D81C93400E95EE5 /* Debug */,
				AC564DEB2D81C93400E95EE5 /* Release */,
			);
			defaultConfigurationIsVisible = 0;
			defaultConfigurationName = Release;
		};
/* End XCConfigurationList section */

/* Begin XCVersionGroup section */
		AC0C68682D8AEEFC00702527 /* TaskModel.xcdatamodeld */ = {
			isa = XCVersionGroup;
			children = (
				AC0C68692D8AEEFC00702527 /* TaskModel.xcdatamodel */,
			);
			currentVersion = AC0C68692D8AEEFC00702527 /* TaskModel.xcdatamodel */;
			name = TaskModel.xcdatamodeld;
			path = /Users/rabiahatunsoylemez/Desktop/todolist/toDoList/toDoList/TaskModel.xcdatamodeld;
			sourceTree = "<group>";
			versionGroupType = wrapper.xcdatamodel;
		};
		AC564DDE2D81C93300E95EE5 /* toDoList.xcdatamodeld */ = {
			isa = XCVersionGroup;
			children = (
				AC564DDF2D81C93300E95EE5 /* toDoList.xcdatamodel */,
			);
			currentVersion = AC564DDF2D81C93300E95EE5 /* toDoList.xcdatamodel */;
			path = toDoList.xcdatamodeld;
			sourceTree = "<group>";
			versionGroupType = wrapper.xcdatamodel;
		};
/* End XCVersionGroup section */
	};
	rootObject = AC564DCA2D81C93300E95EE5 /* Project object */;
}
